// !$*UTF8*$!
{
	archiveVersion = 1;
	classes = {
	};
	objectVersion = 50;
	objects = {

/* Begin PBXBuildFile section */
		E5A951E023781F13006F2BAD /* ImageViewer.swift in Sources */ = {isa = PBXBuildFile; fileRef = E5A951DF23781F13006F2BAD /* ImageViewer.swift */; };
		E5A951E223782FED006F2BAD /* VideoThumbnailView.swift in Sources */ = {isa = PBXBuildFile; fileRef = E5A951E123782FED006F2BAD /* VideoThumbnailView.swift */; };
		E5A951E423783253006F2BAD /* GBVideoDetail.swift in Sources */ = {isa = PBXBuildFile; fileRef = E5A951E323783253006F2BAD /* GBVideoDetail.swift */; };
		E5A951E723783601006F2BAD /* VideoDetailStore.swift in Sources */ = {isa = PBXBuildFile; fileRef = E5A951E623783601006F2BAD /* VideoDetailStore.swift */; };
		E5A951E923783B01006F2BAD /* VideoListView.swift in Sources */ = {isa = PBXBuildFile; fileRef = E5A951E823783B01006F2BAD /* VideoListView.swift */; };
		E5B7492C23784F5F00DA203E /* Show.swift in Sources */ = {isa = PBXBuildFile; fileRef = E5B7492B23784F5F00DA203E /* Show.swift */; };
		E5B749312378564100DA203E /* PlayerView.swift in Sources */ = {isa = PBXBuildFile; fileRef = E5B749302378564100DA203E /* PlayerView.swift */; };
		E5BB2C552376FC760082ED37 /* AppDelegate.swift in Sources */ = {isa = PBXBuildFile; fileRef = E5BB2C542376FC760082ED37 /* AppDelegate.swift */; };
		E5BB2C572376FC760082ED37 /* SceneDelegate.swift in Sources */ = {isa = PBXBuildFile; fileRef = E5BB2C562376FC760082ED37 /* SceneDelegate.swift */; };
		E5BB2C592376FC760082ED37 /* ContentView.swift in Sources */ = {isa = PBXBuildFile; fileRef = E5BB2C582376FC760082ED37 /* ContentView.swift */; };
		E5BB2C5B2376FC780082ED37 /* Assets.xcassets in Resources */ = {isa = PBXBuildFile; fileRef = E5BB2C5A2376FC780082ED37 /* Assets.xcassets */; };
		E5BB2C5E2376FC780082ED37 /* Preview Assets.xcassets in Resources */ = {isa = PBXBuildFile; fileRef = E5BB2C5D2376FC780082ED37 /* Preview Assets.xcassets */; };
		E5BB2C612376FC780082ED37 /* LaunchScreen.storyboard in Resources */ = {isa = PBXBuildFile; fileRef = E5BB2C5F2376FC780082ED37 /* LaunchScreen.storyboard */; };
		E5BB2C6A2376FCFB0082ED37 /* GiantbombService.swift in Sources */ = {isa = PBXBuildFile; fileRef = E5BB2C692376FCFB0082ED37 /* GiantbombService.swift */; };
		E5BB2C6D2376FD700082ED37 /* Keys.strings in Resources */ = {isa = PBXBuildFile; fileRef = E5BB2C6C2376FD700082ED37 /* Keys.strings */; };
		E5BB2C702376FE5B0082ED37 /* StringExtensions.swift in Sources */ = {isa = PBXBuildFile; fileRef = E5BB2C6F2376FE5B0082ED37 /* StringExtensions.swift */; };
		E5BB2C732377020D0082ED37 /* SearchView.swift in Sources */ = {isa = PBXBuildFile; fileRef = E5BB2C722377020D0082ED37 /* SearchView.swift */; };
		E5BB2C75237702200082ED37 /* GameItemView.swift in Sources */ = {isa = PBXBuildFile; fileRef = E5BB2C74237702200082ED37 /* GameItemView.swift */; };
		E5BB2C772377036D0082ED37 /* GamesSearchService.swift in Sources */ = {isa = PBXBuildFile; fileRef = E5BB2C762377036D0082ED37 /* GamesSearchService.swift */; };
		E5BB2C7923770EF20082ED37 /* HTMLTextView.swift in Sources */ = {isa = PBXBuildFile; fileRef = E5BB2C7823770EF20082ED37 /* HTMLTextView.swift */; };
		E5BB2C7B237716580082ED37 /* Images.swift in Sources */ = {isa = PBXBuildFile; fileRef = E5BB2C7A237716580082ED37 /* Images.swift */; };
		E5BB2C7E2377167D0082ED37 /* ImageTags.swift in Sources */ = {isa = PBXBuildFile; fileRef = E5BB2C7D2377167D0082ED37 /* ImageTags.swift */; };
		E5BB2C802377168D0082ED37 /* AgeRatings.swift in Sources */ = {isa = PBXBuildFile; fileRef = E5BB2C7F2377168D0082ED37 /* AgeRatings.swift */; };
		E5BB2C822377169A0082ED37 /* Platform.swift in Sources */ = {isa = PBXBuildFile; fileRef = E5BB2C812377169A0082ED37 /* Platform.swift */; };
		E5BB2C842377170B0082ED37 /* SearchResponse.swift in Sources */ = {isa = PBXBuildFile; fileRef = E5BB2C832377170B0082ED37 /* SearchResponse.swift */; };
		E5BB2C86237717190082ED37 /* Game.swift in Sources */ = {isa = PBXBuildFile; fileRef = E5BB2C85237717190082ED37 /* Game.swift */; };
		E5BB2C88237719D40082ED37 /* RemoteImageView.swift in Sources */ = {isa = PBXBuildFile; fileRef = E5BB2C87237719D40082ED37 /* RemoteImageView.swift */; };
		E5BB2C8A23771AD30082ED37 /* ImageLoader.swift in Sources */ = {isa = PBXBuildFile; fileRef = E5BB2C8923771AD30082ED37 /* ImageLoader.swift */; };
		E5BB2C8C23773CCA0082ED37 /* GameDetailView.swift in Sources */ = {isa = PBXBuildFile; fileRef = E5BB2C8B23773CCA0082ED37 /* GameDetailView.swift */; };
		E5BB2C8E23775B760082ED37 /* TextFormatter.swift in Sources */ = {isa = PBXBuildFile; fileRef = E5BB2C8D23775B760082ED37 /* TextFormatter.swift */; };
		E5BB2C9023776F3E0082ED37 /* ImageCacheWrapper.swift in Sources */ = {isa = PBXBuildFile; fileRef = E5BB2C8F23776F3E0082ED37 /* ImageCacheWrapper.swift */; };
		E5BB2C92237786690082ED37 /* GameDetailsStore.swift in Sources */ = {isa = PBXBuildFile; fileRef = E5BB2C91237786690082ED37 /* GameDetailsStore.swift */; };
		E5BB2C94237786A10082ED37 /* GameDetails.swift in Sources */ = {isa = PBXBuildFile; fileRef = E5BB2C93237786A10082ED37 /* GameDetails.swift */; };
		E5BB2C9823778C150082ED37 /* GBObject.swift in Sources */ = {isa = PBXBuildFile; fileRef = E5BB2C9723778C150082ED37 /* GBObject.swift */; };
		E5BB2C9C237791E90082ED37 /* ImageListView.swift in Sources */ = {isa = PBXBuildFile; fileRef = E5BB2C9B237791E90082ED37 /* ImageListView.swift */; };
		E5BB2C9E237799950082ED37 /* SingleImageObject.swift in Sources */ = {isa = PBXBuildFile; fileRef = E5BB2C9D237799950082ED37 /* SingleImageObject.swift */; };
/* End PBXBuildFile section */

/* Begin PBXFileReference section */
		E5A951DF23781F13006F2BAD /* ImageViewer.swift */ = {isa = PBXFileReference; lastKnownFileType = sourcecode.swift; path = ImageViewer.swift; sourceTree = "<group>"; };
		E5A951E123782FED006F2BAD /* VideoThumbnailView.swift */ = {isa = PBXFileReference; lastKnownFileType = sourcecode.swift; path = VideoThumbnailView.swift; sourceTree = "<group>"; };
		E5A951E323783253006F2BAD /* GBVideoDetail.swift */ = {isa = PBXFileReference; lastKnownFileType = sourcecode.swift; path = GBVideoDetail.swift; sourceTree = "<group>"; };
		E5A951E623783601006F2BAD /* VideoDetailStore.swift */ = {isa = PBXFileReference; lastKnownFileType = sourcecode.swift; path = VideoDetailStore.swift; sourceTree = "<group>"; };
		E5A951E823783B01006F2BAD /* VideoListView.swift */ = {isa = PBXFileReference; lastKnownFileType = sourcecode.swift; path = VideoListView.swift; sourceTree = "<group>"; };
		E5B7492B23784F5F00DA203E /* Show.swift */ = {isa = PBXFileReference; lastKnownFileType = sourcecode.swift; path = Show.swift; sourceTree = "<group>"; };
		E5B749302378564100DA203E /* PlayerView.swift */ = {isa = PBXFileReference; lastKnownFileType = sourcecode.swift; path = PlayerView.swift; sourceTree = "<group>"; };
		E5BB2C512376FC760082ED37 /* GBSearcher.app */ = {isa = PBXFileReference; explicitFileType = wrapper.application; includeInIndex = 0; path = GBSearcher.app; sourceTree = BUILT_PRODUCTS_DIR; };
		E5BB2C542376FC760082ED37 /* AppDelegate.swift */ = {isa = PBXFileReference; lastKnownFileType = sourcecode.swift; path = AppDelegate.swift; sourceTree = "<group>"; };
		E5BB2C562376FC760082ED37 /* SceneDelegate.swift */ = {isa = PBXFileReference; lastKnownFileType = sourcecode.swift; path = SceneDelegate.swift; sourceTree = "<group>"; };
		E5BB2C582376FC760082ED37 /* ContentView.swift */ = {isa = PBXFileReference; lastKnownFileType = sourcecode.swift; path = ContentView.swift; sourceTree = "<group>"; };
		E5BB2C5A2376FC780082ED37 /* Assets.xcassets */ = {isa = PBXFileReference; lastKnownFileType = folder.assetcatalog; path = Assets.xcassets; sourceTree = "<group>"; };
		E5BB2C5D2376FC780082ED37 /* Preview Assets.xcassets */ = {isa = PBXFileReference; lastKnownFileType = folder.assetcatalog; path = "Preview Assets.xcassets"; sourceTree = "<group>"; };
		E5BB2C602376FC780082ED37 /* Base */ = {isa = PBXFileReference; lastKnownFileType = file.storyboard; name = Base; path = Base.lproj/LaunchScreen.storyboard; sourceTree = "<group>"; };
		E5BB2C622376FC780082ED37 /* Info.plist */ = {isa = PBXFileReference; lastKnownFileType = text.plist.xml; path = Info.plist; sourceTree = "<group>"; };
		E5BB2C692376FCFB0082ED37 /* GiantbombService.swift */ = {isa = PBXFileReference; lastKnownFileType = sourcecode.swift; path = GiantbombService.swift; sourceTree = "<group>"; };
		E5BB2C6C2376FD700082ED37 /* Keys.strings */ = {isa = PBXFileReference; lastKnownFileType = text.plist.strings; path = Keys.strings; sourceTree = "<group>"; };
		E5BB2C6F2376FE5B0082ED37 /* StringExtensions.swift */ = {isa = PBXFileReference; lastKnownFileType = sourcecode.swift; path = StringExtensions.swift; sourceTree = "<group>"; };
		E5BB2C722377020D0082ED37 /* SearchView.swift */ = {isa = PBXFileReference; lastKnownFileType = sourcecode.swift; path = SearchView.swift; sourceTree = "<group>"; };
		E5BB2C74237702200082ED37 /* GameItemView.swift */ = {isa = PBXFileReference; lastKnownFileType = sourcecode.swift; path = GameItemView.swift; sourceTree = "<group>"; };
		E5BB2C762377036D0082ED37 /* GamesSearchService.swift */ = {isa = PBXFileReference; lastKnownFileType = sourcecode.swift; path = GamesSearchService.swift; sourceTree = "<group>"; };
		E5BB2C7823770EF20082ED37 /* HTMLTextView.swift */ = {isa = PBXFileReference; lastKnownFileType = sourcecode.swift; path = HTMLTextView.swift; sourceTree = "<group>"; };
		E5BB2C7A237716580082ED37 /* Images.swift */ = {isa = PBXFileReference; lastKnownFileType = sourcecode.swift; path = Images.swift; sourceTree = "<group>"; };
		E5BB2C7D2377167D0082ED37 /* ImageTags.swift */ = {isa = PBXFileReference; lastKnownFileType = sourcecode.swift; path = ImageTags.swift; sourceTree = "<group>"; };
		E5BB2C7F2377168D0082ED37 /* AgeRatings.swift */ = {isa = PBXFileReference; lastKnownFileType = sourcecode.swift; path = AgeRatings.swift; sourceTree = "<group>"; };
		E5BB2C812377169A0082ED37 /* Platform.swift */ = {isa = PBXFileReference; lastKnownFileType = sourcecode.swift; path = Platform.swift; sourceTree = "<group>"; };
		E5BB2C832377170B0082ED37 /* SearchResponse.swift */ = {isa = PBXFileReference; lastKnownFileType = sourcecode.swift; path = SearchResponse.swift; sourceTree = "<group>"; };
		E5BB2C85237717190082ED37 /* Game.swift */ = {isa = PBXFileReference; lastKnownFileType = sourcecode.swift; path = Game.swift; sourceTree = "<group>"; };
		E5BB2C87237719D40082ED37 /* RemoteImageView.swift */ = {isa = PBXFileReference; lastKnownFileType = sourcecode.swift; path = RemoteImageView.swift; sourceTree = "<group>"; };
		E5BB2C8923771AD30082ED37 /* ImageLoader.swift */ = {isa = PBXFileReference; lastKnownFileType = sourcecode.swift; path = ImageLoader.swift; sourceTree = "<group>"; };
		E5BB2C8B23773CCA0082ED37 /* GameDetailView.swift */ = {isa = PBXFileReference; lastKnownFileType = sourcecode.swift; path = GameDetailView.swift; sourceTree = "<group>"; };
		E5BB2C8D23775B760082ED37 /* TextFormatter.swift */ = {isa = PBXFileReference; lastKnownFileType = sourcecode.swift; path = TextFormatter.swift; sourceTree = "<group>"; };
		E5BB2C8F23776F3E0082ED37 /* ImageCacheWrapper.swift */ = {isa = PBXFileReference; lastKnownFileType = sourcecode.swift; path = ImageCacheWrapper.swift; sourceTree = "<group>"; };
		E5BB2C91237786690082ED37 /* GameDetailsStore.swift */ = {isa = PBXFileReference; lastKnownFileType = sourcecode.swift; path = GameDetailsStore.swift; sourceTree = "<group>"; };
		E5BB2C93237786A10082ED37 /* GameDetails.swift */ = {isa = PBXFileReference; lastKnownFileType = sourcecode.swift; path = GameDetails.swift; sourceTree = "<group>"; };
		E5BB2C9723778C150082ED37 /* GBObject.swift */ = {isa = PBXFileReference; lastKnownFileType = sourcecode.swift; path = GBObject.swift; sourceTree = "<group>"; };
		E5BB2C9B237791E90082ED37 /* ImageListView.swift */ = {isa = PBXFileReference; lastKnownFileType = sourcecode.swift; path = ImageListView.swift; sourceTree = "<group>"; };
		E5BB2C9D237799950082ED37 /* SingleImageObject.swift */ = {isa = PBXFileReference; lastKnownFileType = sourcecode.swift; path = SingleImageObject.swift; sourceTree = "<group>"; };
/* End PBXFileReference section */

/* Begin PBXFrameworksBuildPhase section */
		E5BB2C4E2376FC760082ED37 /* Frameworks */ = {
			isa = PBXFrameworksBuildPhase;
			buildActionMask = 2147483647;
			files = (
			);
			runOnlyForDeploymentPostprocessing = 0;
		};
/* End PBXFrameworksBuildPhase section */

/* Begin PBXGroup section */
		E5A951E5237835DD006F2BAD /* Stores */ = {
			isa = PBXGroup;
			children = (
				E5BB2C91237786690082ED37 /* GameDetailsStore.swift */,
				E5A951E623783601006F2BAD /* VideoDetailStore.swift */,
			);
			path = Stores;
			sourceTree = "<group>";
		};
		E5B7492D237855BF00DA203E /* VideoPlayer */ = {
			isa = PBXGroup;
			children = (
				E5B749302378564100DA203E /* PlayerView.swift */,
			);
			path = VideoPlayer;
			sourceTree = "<group>";
		};
		E5BB2C482376FC760082ED37 = {
			isa = PBXGroup;
			children = (
				E5BB2C532376FC760082ED37 /* GBSearcher */,
				E5BB2C522376FC760082ED37 /* Products */,
			);
			sourceTree = "<group>";
		};
		E5BB2C522376FC760082ED37 /* Products */ = {
			isa = PBXGroup;
			children = (
				E5BB2C512376FC760082ED37 /* GBSearcher.app */,
			);
			name = Products;
			sourceTree = "<group>";
		};
		E5BB2C532376FC760082ED37 /* GBSearcher */ = {
			isa = PBXGroup;
			children = (
				E5BB2C71237701F60082ED37 /* Views */,
				E5BB2C6E2376FE480082ED37 /* Extensions */,
				E5BB2C6B2376FD460082ED37 /* Models */,
				E5BB2C682376FCD80082ED37 /* Services */,
				E5BB2C542376FC760082ED37 /* AppDelegate.swift */,
				E5BB2C562376FC760082ED37 /* SceneDelegate.swift */,
				E5BB2C582376FC760082ED37 /* ContentView.swift */,
				E5BB2C5A2376FC780082ED37 /* Assets.xcassets */,
				E5BB2C5F2376FC780082ED37 /* LaunchScreen.storyboard */,
				E5BB2C622376FC780082ED37 /* Info.plist */,
				E5BB2C5C2376FC780082ED37 /* Preview Content */,
				E5BB2C6C2376FD700082ED37 /* Keys.strings */,
			);
			path = GBSearcher;
			sourceTree = "<group>";
		};
		E5BB2C5C2376FC780082ED37 /* Preview Content */ = {
			isa = PBXGroup;
			children = (
				E5BB2C5D2376FC780082ED37 /* Preview Assets.xcassets */,
			);
			path = "Preview Content";
			sourceTree = "<group>";
		};
		E5BB2C682376FCD80082ED37 /* Services */ = {
			isa = PBXGroup;
			children = (
				E5A951E5237835DD006F2BAD /* Stores */,
				E5BB2C692376FCFB0082ED37 /* GiantbombService.swift */,
				E5BB2C762377036D0082ED37 /* GamesSearchService.swift */,
				E5BB2C8923771AD30082ED37 /* ImageLoader.swift */,
				E5BB2C8D23775B760082ED37 /* TextFormatter.swift */,
				E5BB2C8F23776F3E0082ED37 /* ImageCacheWrapper.swift */,
			);
			path = Services;
			sourceTree = "<group>";
		};
		E5BB2C6B2376FD460082ED37 /* Models */ = {
			isa = PBXGroup;
			children = (
				E5BB2C7C2377166C0082ED37 /* GBModels */,
				E5BB2C9D237799950082ED37 /* SingleImageObject.swift */,
			);
			path = Models;
			sourceTree = "<group>";
		};
		E5BB2C6E2376FE480082ED37 /* Extensions */ = {
			isa = PBXGroup;
			children = (
				E5BB2C6F2376FE5B0082ED37 /* StringExtensions.swift */,
			);
			path = Extensions;
			sourceTree = "<group>";
		};
		E5BB2C71237701F60082ED37 /* Views */ = {
			isa = PBXGroup;
			children = (
				E5B7492D237855BF00DA203E /* VideoPlayer */,
				E5BB2C722377020D0082ED37 /* SearchView.swift */,
				E5BB2C74237702200082ED37 /* GameItemView.swift */,
				E5BB2C7823770EF20082ED37 /* HTMLTextView.swift */,
				E5BB2C87237719D40082ED37 /* RemoteImageView.swift */,
				E5BB2C8B23773CCA0082ED37 /* GameDetailView.swift */,
				E5BB2C9B237791E90082ED37 /* ImageListView.swift */,
				E5A951DF23781F13006F2BAD /* ImageViewer.swift */,
				E5A951E123782FED006F2BAD /* VideoThumbnailView.swift */,
				E5A951E823783B01006F2BAD /* VideoListView.swift */,
			);
			path = Views;
			sourceTree = "<group>";
		};
		E5BB2C7C2377166C0082ED37 /* GBModels */ = {
			isa = PBXGroup;
			children = (
				E5BB2C7A237716580082ED37 /* Images.swift */,
				E5BB2C7D2377167D0082ED37 /* ImageTags.swift */,
				E5BB2C7F2377168D0082ED37 /* AgeRatings.swift */,
				E5BB2C812377169A0082ED37 /* Platform.swift */,
				E5BB2C832377170B0082ED37 /* SearchResponse.swift */,
				E5BB2C85237717190082ED37 /* Game.swift */,
				E5BB2C93237786A10082ED37 /* GameDetails.swift */,
				E5BB2C9723778C150082ED37 /* GBObject.swift */,
				E5A951E323783253006F2BAD /* GBVideoDetail.swift */,
				E5B7492B23784F5F00DA203E /* Show.swift */,
			);
			path = GBModels;
			sourceTree = "<group>";
		};
/* End PBXGroup section */

/* Begin PBXNativeTarget section */
		E5BB2C502376FC760082ED37 /* GBSearcher */ = {
			isa = PBXNativeTarget;
			buildConfigurationList = E5BB2C652376FC780082ED37 /* Build configuration list for PBXNativeTarget "GBSearcher" */;
			buildPhases = (
				E5BB2C4D2376FC760082ED37 /* Sources */,
				E5BB2C4E2376FC760082ED37 /* Frameworks */,
				E5BB2C4F2376FC760082ED37 /* Resources */,
			);
			buildRules = (
			);
			dependencies = (
			);
			name = GBSearcher;
			productName = GBSearcher;
			productReference = E5BB2C512376FC760082ED37 /* GBSearcher.app */;
			productType = "com.apple.product-type.application";
		};
/* End PBXNativeTarget section */

/* Begin PBXProject section */
		E5BB2C492376FC760082ED37 /* Project object */ = {
			isa = PBXProject;
			attributes = {
				LastSwiftUpdateCheck = 1120;
				LastUpgradeCheck = 1120;
				ORGANIZATIONNAME = "Kieran Bamford";
				TargetAttributes = {
					E5BB2C502376FC760082ED37 = {
						CreatedOnToolsVersion = 11.2;
					};
				};
			};
			buildConfigurationList = E5BB2C4C2376FC760082ED37 /* Build configuration list for PBXProject "GBSearcher" */;
			compatibilityVersion = "Xcode 9.3";
			developmentRegion = en;
			hasScannedForEncodings = 0;
			knownRegions = (
				en,
				Base,
			);
			mainGroup = E5BB2C482376FC760082ED37;
			productRefGroup = E5BB2C522376FC760082ED37 /* Products */;
			projectDirPath = "";
			projectRoot = "";
			targets = (
				E5BB2C502376FC760082ED37 /* GBSearcher */,
			);
		};
/* End PBXProject section */

/* Begin PBXResourcesBuildPhase section */
		E5BB2C4F2376FC760082ED37 /* Resources */ = {
			isa = PBXResourcesBuildPhase;
			buildActionMask = 2147483647;
			files = (
				E5BB2C6D2376FD700082ED37 /* Keys.strings in Resources */,
				E5BB2C612376FC780082ED37 /* LaunchScreen.storyboard in Resources */,
				E5BB2C5E2376FC780082ED37 /* Preview Assets.xcassets in Resources */,
				E5BB2C5B2376FC780082ED37 /* Assets.xcassets in Resources */,
			);
			runOnlyForDeploymentPostprocessing = 0;
		};
/* End PBXResourcesBuildPhase section */

/* Begin PBXSourcesBuildPhase section */
		E5BB2C4D2376FC760082ED37 /* Sources */ = {
			isa = PBXSourcesBuildPhase;
			buildActionMask = 2147483647;
			files = (
				E5BB2C94237786A10082ED37 /* GameDetails.swift in Sources */,
				E5A951E723783601006F2BAD /* VideoDetailStore.swift in Sources */,
				E5BB2C842377170B0082ED37 /* SearchResponse.swift in Sources */,
				E5B749312378564100DA203E /* PlayerView.swift in Sources */,
				E5BB2C86237717190082ED37 /* Game.swift in Sources */,
				E5BB2C802377168D0082ED37 /* AgeRatings.swift in Sources */,
				E5BB2C552376FC760082ED37 /* AppDelegate.swift in Sources */,
				E5B7492C23784F5F00DA203E /* Show.swift in Sources */,
				E5BB2C6A2376FCFB0082ED37 /* GiantbombService.swift in Sources */,
				E5BB2C92237786690082ED37 /* GameDetailsStore.swift in Sources */,
				E5A951E223782FED006F2BAD /* VideoThumbnailView.swift in Sources */,
				E5BB2C822377169A0082ED37 /* Platform.swift in Sources */,
				E5BB2C9E237799950082ED37 /* SingleImageObject.swift in Sources */,
				E5BB2C9023776F3E0082ED37 /* ImageCacheWrapper.swift in Sources */,
				E5BB2C702376FE5B0082ED37 /* StringExtensions.swift in Sources */,
				E5BB2C7E2377167D0082ED37 /* ImageTags.swift in Sources */,
				E5A951E423783253006F2BAD /* GBVideoDetail.swift in Sources */,
				E5BB2C7923770EF20082ED37 /* HTMLTextView.swift in Sources */,
				E5BB2C75237702200082ED37 /* GameItemView.swift in Sources */,
				E5BB2C88237719D40082ED37 /* RemoteImageView.swift in Sources */,
				E5BB2C8A23771AD30082ED37 /* ImageLoader.swift in Sources */,
				E5BB2C572376FC760082ED37 /* SceneDelegate.swift in Sources */,
				E5A951E923783B01006F2BAD /* VideoListView.swift in Sources */,
				E5BB2C9C237791E90082ED37 /* ImageListView.swift in Sources */,
				E5BB2C9823778C150082ED37 /* GBObject.swift in Sources */,
				E5BB2C772377036D0082ED37 /* GamesSearchService.swift in Sources */,
				E5BB2C7B237716580082ED37 /* Images.swift in Sources */,
				E5BB2C8C23773CCA0082ED37 /* GameDetailView.swift in Sources */,
				E5BB2C732377020D0082ED37 /* SearchView.swift in Sources */,
				E5A951E023781F13006F2BAD /* ImageViewer.swift in Sources */,
				E5BB2C8E23775B760082ED37 /* TextFormatter.swift in Sources */,
				E5BB2C592376FC760082ED37 /* ContentView.swift in Sources */,
			);
			runOnlyForDeploymentPostprocessing = 0;
		};
/* End PBXSourcesBuildPhase section */

/* Begin PBXVariantGroup section */
		E5BB2C5F2376FC780082ED37 /* LaunchScreen.storyboard */ = {
			isa = PBXVariantGroup;
			children = (
				E5BB2C602376FC780082ED37 /* Base */,
			);
			name = LaunchScreen.storyboard;
			sourceTree = "<group>";
		};
/* End PBXVariantGroup section */

/* Begin XCBuildConfiguration section */
		E5BB2C632376FC780082ED37 /* Debug */ = {
			isa = XCBuildConfiguration;
			buildSettings = {
				ALWAYS_SEARCH_USER_PATHS = NO;
				CLANG_ANALYZER_NONNULL = YES;
				CLANG_ANALYZER_NUMBER_OBJECT_CONVERSION = YES_AGGRESSIVE;
				CLANG_CXX_LANGUAGE_STANDARD = "gnu++14";
				CLANG_CXX_LIBRARY = "libc++";
				CLANG_ENABLE_MODULES = YES;
				CLANG_ENABLE_OBJC_ARC = YES;
				CLANG_ENABLE_OBJC_WEAK = YES;
				CLANG_WARN_BLOCK_CAPTURE_AUTORELEASING = YES;
				CLANG_WARN_BOOL_CONVERSION = YES;
				CLANG_WARN_COMMA = YES;
				CLANG_WARN_CONSTANT_CONVERSION = YES;
				CLANG_WARN_DEPRECATED_OBJC_IMPLEMENTATIONS = YES;
				CLANG_WARN_DIRECT_OBJC_ISA_USAGE = YES_ERROR;
				CLANG_WARN_DOCUMENTATION_COMMENTS = YES;
				CLANG_WARN_EMPTY_BODY = YES;
				CLANG_WARN_ENUM_CONVERSION = YES;
				CLANG_WARN_INFINITE_RECURSION = YES;
				CLANG_WARN_INT_CONVERSION = YES;
				CLANG_WARN_NON_LITERAL_NULL_CONVERSION = YES;
				CLANG_WARN_OBJC_IMPLICIT_RETAIN_SELF = YES;
				CLANG_WARN_OBJC_LITERAL_CONVERSION = YES;
				CLANG_WARN_OBJC_ROOT_CLASS = YES_ERROR;
				CLANG_WARN_RANGE_LOOP_ANALYSIS = YES;
				CLANG_WARN_STRICT_PROTOTYPES = YES;
				CLANG_WARN_SUSPICIOUS_MOVE = YES;
				CLANG_WARN_UNGUARDED_AVAILABILITY = YES_AGGRESSIVE;
				CLANG_WARN_UNREACHABLE_CODE = YES;
				CLANG_WARN__DUPLICATE_METHOD_MATCH = YES;
				COPY_PHASE_STRIP = NO;
				DEBUG_INFORMATION_FORMAT = dwarf;
				ENABLE_STRICT_OBJC_MSGSEND = YES;
				ENABLE_TESTABILITY = YES;
				GCC_C_LANGUAGE_STANDARD = gnu11;
				GCC_DYNAMIC_NO_PIC = NO;
				GCC_NO_COMMON_BLOCKS = YES;
				GCC_OPTIMIZATION_LEVEL = 0;
				GCC_PREPROCESSOR_DEFINITIONS = (
					"DEBUG=1",
					"$(inherited)",
				);
				GCC_WARN_64_TO_32_BIT_CONVERSION = YES;
				GCC_WARN_ABOUT_RETURN_TYPE = YES_ERROR;
				GCC_WARN_UNDECLARED_SELECTOR = YES;
				GCC_WARN_UNINITIALIZED_AUTOS = YES_AGGRESSIVE;
				GCC_WARN_UNUSED_FUNCTION = YES;
				GCC_WARN_UNUSED_VARIABLE = YES;
				IPHONEOS_DEPLOYMENT_TARGET = 13.2;
				MTL_ENABLE_DEBUG_INFO = INCLUDE_SOURCE;
				MTL_FAST_MATH = YES;
				ONLY_ACTIVE_ARCH = YES;
				SDKROOT = iphoneos;
				SWIFT_ACTIVE_COMPILATION_CONDITIONS = DEBUG;
				SWIFT_OPTIMIZATION_LEVEL = "-Onone";
			};
			name = Debug;
		};
		E5BB2C642376FC780082ED37 /* Release */ = {
			isa = XCBuildConfiguration;
			buildSettings = {
				ALWAYS_SEARCH_USER_PATHS = NO;
				CLANG_ANALYZER_NONNULL = YES;
				CLANG_ANALYZER_NUMBER_OBJECT_CONVERSION = YES_AGGRESSIVE;
				CLANG_CXX_LANGUAGE_STANDARD = "gnu++14";
				CLANG_CXX_LIBRARY = "libc++";
				CLANG_ENABLE_MODULES = YES;
				CLANG_ENABLE_OBJC_ARC = YES;
				CLANG_ENABLE_OBJC_WEAK = YES;
				CLANG_WARN_BLOCK_CAPTURE_AUTORELEASING = YES;
				CLANG_WARN_BOOL_CONVERSION = YES;
				CLANG_WARN_COMMA = YES;
				CLANG_WARN_CONSTANT_CONVERSION = YES;
				CLANG_WARN_DEPRECATED_OBJC_IMPLEMENTATIONS = YES;
				CLANG_WARN_DIRECT_OBJC_ISA_USAGE = YES_ERROR;
				CLANG_WARN_DOCUMENTATION_COMMENTS = YES;
				CLANG_WARN_EMPTY_BODY = YES;
				CLANG_WARN_ENUM_CONVERSION = YES;
				CLANG_WARN_INFINITE_RECURSION = YES;
				CLANG_WARN_INT_CONVERSION = YES;
				CLANG_WARN_NON_LITERAL_NULL_CONVERSION = YES;
				CLANG_WARN_OBJC_IMPLICIT_RETAIN_SELF = YES;
				CLANG_WARN_OBJC_LITERAL_CONVERSION = YES;
				CLANG_WARN_OBJC_ROOT_CLASS = YES_ERROR;
				CLANG_WARN_RANGE_LOOP_ANALYSIS = YES;
				CLANG_WARN_STRICT_PROTOTYPES = YES;
				CLANG_WARN_SUSPICIOUS_MOVE = YES;
				CLANG_WARN_UNGUARDED_AVAILABILITY = YES_AGGRESSIVE;
				CLANG_WARN_UNREACHABLE_CODE = YES;
				CLANG_WARN__DUPLICATE_METHOD_MATCH = YES;
				COPY_PHASE_STRIP = NO;
				DEBUG_INFORMATION_FORMAT = "dwarf-with-dsym";
				ENABLE_NS_ASSERTIONS = NO;
				ENABLE_STRICT_OBJC_MSGSEND = YES;
				GCC_C_LANGUAGE_STANDARD = gnu11;
				GCC_NO_COMMON_BLOCKS = YES;
				GCC_WARN_64_TO_32_BIT_CONVERSION = YES;
				GCC_WARN_ABOUT_RETURN_TYPE = YES_ERROR;
				GCC_WARN_UNDECLARED_SELECTOR = YES;
				GCC_WARN_UNINITIALIZED_AUTOS = YES_AGGRESSIVE;
				GCC_WARN_UNUSED_FUNCTION = YES;
				GCC_WARN_UNUSED_VARIABLE = YES;
				IPHONEOS_DEPLOYMENT_TARGET = 13.2;
				MTL_ENABLE_DEBUG_INFO = NO;
				MTL_FAST_MATH = YES;
				SDKROOT = iphoneos;
				SWIFT_COMPILATION_MODE = wholemodule;
				SWIFT_OPTIMIZATION_LEVEL = "-O";
				VALIDATE_PRODUCT = YES;
			};
			name = Release;
		};
		E5BB2C662376FC780082ED37 /* Debug */ = {
			isa = XCBuildConfiguration;
			buildSettings = {
				ASSETCATALOG_COMPILER_APPICON_NAME = AppIcon;
				CODE_SIGN_STYLE = Automatic;
				DEVELOPMENT_ASSET_PATHS = "\"GBSearcher/Preview Content\"";
				DEVELOPMENT_TEAM = VNFZ3Q6QAX;
				ENABLE_PREVIEWS = YES;
				INFOPLIST_FILE = GBSearcher/Info.plist;
				LD_RUNPATH_SEARCH_PATHS = (
					"$(inherited)",
					"@executable_path/Frameworks",
				);
				PRODUCT_BUNDLE_IDENTIFIER = com.Protome.GBSearcher;
				PRODUCT_NAME = "$(TARGET_NAME)";
				SWIFT_VERSION = 5.0;
				TARGETED_DEVICE_FAMILY = "1,2";
			};
			name = Debug;
		};
		E5BB2C672376FC780082ED37 /* Release */ = {
			isa = XCBuildConfiguration;
			buildSettings = {
				ASSETCATALOG_COMPILER_APPICON_NAME = AppIcon;
				CODE_SIGN_STYLE = Automatic;
				DEVELOPMENT_ASSET_PATHS = "\"GBSearcher/Preview Content\"";
				DEVELOPMENT_TEAM = VNFZ3Q6QAX;
				ENABLE_PREVIEWS = YES;
				INFOPLIST_FILE = GBSearcher/Info.plist;
				LD_RUNPATH_SEARCH_PATHS = (
					"$(inherited)",
					"@executable_path/Frameworks",
				);
				PRODUCT_BUNDLE_IDENTIFIER = com.Protome.GBSearcher;
				PRODUCT_NAME = "$(TARGET_NAME)";
				SWIFT_VERSION = 5.0;
				TARGETED_DEVICE_FAMILY = "1,2";
			};
			name = Release;
		};
/* End XCBuildConfiguration section */

/* Begin XCConfigurationList section */
		E5BB2C4C2376FC760082ED37 /* Build configuration list for PBXProject "GBSearcher" */ = {
			isa = XCConfigurationList;
			buildConfigurations = (
				E5BB2C632376FC780082ED37 /* Debug */,
				E5BB2C642376FC780082ED37 /* Release */,
			);
			defaultConfigurationIsVisible = 0;
			defaultConfigurationName = Release;
		};
		E5BB2C652376FC780082ED37 /* Build configuration list for PBXNativeTarget "GBSearcher" */ = {
			isa = XCConfigurationList;
			buildConfigurations = (
				E5BB2C662376FC780082ED37 /* Debug */,
				E5BB2C672376FC780082ED37 /* Release */,
			);
			defaultConfigurationIsVisible = 0;
			defaultConfigurationName = Release;
		};
/* End XCConfigurationList section */
	};
	rootObject = E5BB2C492376FC760082ED37 /* Project object */;
}
